
Microsoft Visual Studio Solution File, Format Version 12.00
# Visual Studio Version 17
VisualStudioVersion = 17.0.31903.59
MinimumVisualStudioVersion = 10.0.40219.1
Project("{2150E333-8FDC-42A3-9474-1A3956D46DE8}") = "src", "src", "{827E0CD3-B72D-47B6-A68D-7590B98EB39B}"
EndProject
Project("{FAE04EC0-301F-11D3-BF4B-00C04F79EFBC}") = "ZMapper", "src\ZMapper\ZMapper.csproj", "{54DD7555-6FF2-4662-8CAA-E5BC07346098}"
EndProject
Project("{FAE04EC0-301F-11D3-BF4B-00C04F79EFBC}") = "ZMapper.SourceGenerator", "src\ZMapper.SourceGenerator\ZMapper.SourceGenerator.csproj", "{CF033083-9A34-42F5-9BB9-E574D8BF3152}"
EndProject
Project("{2150E333-8FDC-42A3-9474-1A3956D46DE8}") = "tests", "tests", "{0AB3BF05-4346-4AA6-1389-037BE0695223}"
EndProject
Project("{FAE04EC0-301F-11D3-BF4B-00C04F79EFBC}") = "ZMapper.Benchmarks", "tests\ZMapper.Benchmarks\ZMapper.Benchmarks.csproj", "{738AB53A-C702-484B-B492-9F4FC3EFE127}"
EndProject
Project("{2150E333-8FDC-42A3-9474-1A3956D46DE8}") = "examples", "examples", "{B36A84DF-456D-A817-6EDD-3EC3E7F6E11F}"
EndProject
Project("{FAE04EC0-301F-11D3-BF4B-00C04F79EFBC}") = "ZMapper.Example", "examples\ZMapper.Example\ZMapper.Example.csproj", "{0F53F34F-3879-4515-8923-8C88A11DEBF5}"
EndProject
Project("{FAE04EC0-301F-11D3-BF4B-00C04F79EFBC}") = "ZMapper.Tests", "tests\ZMapper.Tests\ZMapper.Tests.csproj", "{9110BE54-1CA4-44FB-B739-060CE83C4553}"
EndProject
Global
	GlobalSection(SolutionConfigurationPlatforms) = preSolution
		Debug|Any CPU = Debug|Any CPU
		Debug|x64 = Debug|x64
		Debug|x86 = Debug|x86
		Release|Any CPU = Release|Any CPU
		Release|x64 = Release|x64
		Release|x86 = Release|x86
	EndGlobalSection
	GlobalSection(ProjectConfigurationPlatforms) = postSolution
		{54DD7555-6FF2-4662-8CAA-E5BC07346098}.Debug|Any CPU.ActiveCfg = Debug|Any CPU
		{54DD7555-6FF2-4662-8CAA-E5BC07346098}.Debug|Any CPU.Build.0 = Debug|Any CPU
		{54DD7555-6FF2-4662-8CAA-E5BC07346098}.Debug|x64.ActiveCfg = Debug|Any CPU
		{54DD7555-6FF2-4662-8CAA-E5BC07346098}.Debug|x64.Build.0 = Debug|Any CPU
		{54DD7555-6FF2-4662-8CAA-E5BC07346098}.Debug|x86.ActiveCfg = Debug|Any CPU
		{54DD7555-6FF2-4662-8CAA-E5BC07346098}.Debug|x86.Build.0 = Debug|Any CPU
		{54DD7555-6FF2-4662-8CAA-E5BC07346098}.Release|Any CPU.ActiveCfg = Release|Any CPU
		{54DD7555-6FF2-4662-8CAA-E5BC07346098}.Release|Any CPU.Build.0 = Release|Any CPU
		{54DD7555-6FF2-4662-8CAA-E5BC07346098}.Release|x64.ActiveCfg = Release|Any CPU
		{54DD7555-6FF2-4662-8CAA-E5BC07346098}.Release|x64.Build.0 = Release|Any CPU
		{54DD7555-6FF2-4662-8CAA-E5BC07346098}.Release|x86.ActiveCfg = Release|Any CPU
		{54DD7555-6FF2-4662-8CAA-E5BC07346098}.Release|x86.Build.0 = Release|Any CPU
		{CF033083-9A34-42F5-9BB9-E574D8BF3152}.Debug|Any CPU.ActiveCfg = Debug|Any CPU
		{CF033083-9A34-42F5-9BB9-E574D8BF3152}.Debug|Any CPU.Build.0 = Debug|Any CPU
		{CF033083-9A34-42F5-9BB9-E574D8BF3152}.Debug|x64.ActiveCfg = Debug|Any CPU
		{CF033083-9A34-42F5-9BB9-E574D8BF3152}.Debug|x64.Build.0 = Debug|Any CPU
		{CF033083-9A34-42F5-9BB9-E574D8BF3152}.Debug|x86.ActiveCfg = Debug|Any CPU
		{CF033083-9A34-42F5-9BB9-E574D8BF3152}.Debug|x86.Build.0 = Debug|Any CPU
		{CF033083-9A34-42F5-9BB9-E574D8BF3152}.Release|Any CPU.ActiveCfg = Release|Any CPU
		{CF033083-9A34-42F5-9BB9-E574D8BF3152}.Release|Any CPU.Build.0 = Release|Any CPU
		{CF033083-9A34-42F5-9BB9-E574D8BF3152}.Release|x64.ActiveCfg = Release|Any CPU
		{CF033083-9A34-42F5-9BB9-E574D8BF3152}.Release|x64.Build.0 = Release|Any CPU
		{CF033083-9A34-42F5-9BB9-E574D8BF3152}.Release|x86.ActiveCfg = Release|Any CPU
		{CF033083-9A34-42F5-9BB9-E574D8BF3152}.Release|x86.Build.0 = Release|Any CPU
		{738AB53A-C702-484B-B492-9F4FC3EFE127}.Debug|Any CPU.ActiveCfg = Debug|Any CPU
		{738AB53A-C702-484B-B492-9F4FC3EFE127}.Debug|Any CPU.Build.0 = Debug|Any CPU
		{738AB53A-C702-484B-B492-9F4FC3EFE127}.Debug|x64.ActiveCfg = Debug|Any CPU
		{738AB53A-C702-484B-B492-9F4FC3EFE127}.Debug|x64.Build.0 = Debug|Any CPU
		{738AB53A-C702-484B-B492-9F4FC3EFE127}.Debug|x86.ActiveCfg = Debug|Any CPU
		{738AB53A-C702-484B-B492-9F4FC3EFE127}.Debug|x86.Build.0 = Debug|Any CPU
		{738AB53A-C702-484B-B492-9F4FC3EFE127}.Release|Any CPU.ActiveCfg = Release|Any CPU
		{738AB53A-C702-484B-B492-9F4FC3EFE127}.Release|Any CPU.Build.0 = Release|Any CPU
		{738AB53A-C702-484B-B492-9F4FC3EFE127}.Release|x64.ActiveCfg = Release|Any CPU
		{738AB53A-C702-484B-B492-9F4FC3EFE127}.Release|x64.Build.0 = Release|Any CPU
		{738AB53A-C702-484B-B492-9F4FC3EFE127}.Release|x86.ActiveCfg = Release|Any CPU
		{738AB53A-C702-484B-B492-9F4FC3EFE127}.Release|x86.Build.0 = Release|Any CPU
		{0F53F34F-3879-4515-8923-8C88A11DEBF5}.Debug|Any CPU.ActiveCfg = Debug|Any CPU
		{0F53F34F-3879-4515-8923-8C88A11DEBF5}.Debug|Any CPU.Build.0 = Debug|Any CPU
		{0F53F34F-3879-4515-8923-8C88A11DEBF5}.Debug|x64.ActiveCfg = Debug|Any CPU
		{0F53F34F-3879-4515-8923-8C88A11DEBF5}.Debug|x64.Build.0 = Debug|Any CPU
		{0F53F34F-3879-4515-8923-8C88A11DEBF5}.Debug|x86.ActiveCfg = Debug|Any CPU
		{0F53F34F-3879-4515-8923-8C88A11DEBF5}.Debug|x86.Build.0 = Debug|Any CPU
		{0F53F34F-3879-4515-8923-8C88A11DEBF5}.Release|Any CPU.ActiveCfg = Release|Any CPU
		{0F53F34F-3879-4515-8923-8C88A11DEBF5}.Release|Any CPU.Build.0 = Release|Any CPU
		{0F53F34F-3879-4515-8923-8C88A11DEBF5}.Release|x64.ActiveCfg = Release|Any CPU
		{0F53F34F-3879-4515-8923-8C88A11DEBF5}.Release|x64.Build.0 = Release|Any CPU
		{0F53F34F-3879-4515-8923-8C88A11DEBF5}.Release|x86.ActiveCfg = Release|Any CPU
		{0F53F34F-3879-4515-8923-8C88A11DEBF5}.Release|x86.Build.0 = Release|Any CPU
		{9110BE54-1CA4-44FB-B739-060CE83C4553}.Debug|Any CPU.ActiveCfg = Debug|Any CPU
		{9110BE54-1CA4-44FB-B739-060CE83C4553}.Debug|Any CPU.Build.0 = Debug|Any CPU
		{9110BE54-1CA4-44FB-B739-060CE83C4553}.Debug|x64.ActiveCfg = Debug|Any CPU
		{9110BE54-1CA4-44FB-B739-060CE83C4553}.Debug|x64.Build.0 = Debug|Any CPU
		{9110BE54-1CA4-44FB-B739-060CE83C4553}.Debug|x86.ActiveCfg = Debug|Any CPU
		{9110BE54-1CA4-44FB-B739-060CE83C4553}.Debug|x86.Build.0 = Debug|Any CPU
		{9110BE54-1CA4-44FB-B739-060CE83C4553}.Release|Any CPU.ActiveCfg = Release|Any CPU
		{9110BE54-1CA4-44FB-B739-060CE83C4553}.Release|Any CPU.Build.0 = Release|Any CPU
		{9110BE54-1CA4-44FB-B739-060CE83C4553}.Release|x64.ActiveCfg = Release|Any CPU
		{9110BE54-1CA4-44FB-B739-060CE83C4553}.Release|x64.Build.0 = Release|Any CPU
		{9110BE54-1CA4-44FB-B739-060CE83C4553}.Release|x86.ActiveCfg = Release|Any CPU
		{9110BE54-1CA4-44FB-B739-060CE83C4553}.Release|x86.Build.0 = Release|Any CPU
	EndGlobalSection
	GlobalSection(SolutionProperties) = preSolution
		HideSolutionNode = FALSE
	EndGlobalSection
	GlobalSection(NestedProjects) = preSolution
		{54DD7555-6FF2-4662-8CAA-E5BC07346098} = {827E0CD3-B72D-47B6-A68D-7590B98EB39B}
		{CF033083-9A34-42F5-9BB9-E574D8BF3152} = {827E0CD3-B72D-47B6-A68D-7590B98EB39B}
		{738AB53A-C702-484B-B492-9F4FC3EFE127} = {0AB3BF05-4346-4AA6-1389-037BE0695223}
		{0F53F34F-3879-4515-8923-8C88A11DEBF5} = {B36A84DF-456D-A817-6EDD-3EC3E7F6E11F}
		{9110BE54-1CA4-44FB-B739-060CE83C4553} = {0AB3BF05-4346-4AA6-1389-037BE0695223}
	EndGlobalSection
EndGlobal
